
Microsoft Visual Studio Solution File, Format Version 12.00
# Visual Studio Version 17
VisualStudioVersion = 17.8.34601.278
MinimumVisualStudioVersion = 10.0.40219.1
Project("{FAE04EC0-301F-11D3-BF4B-00C04F79EFBC}") = "MegaSport2", "MegaSport2\MegaSport2.csproj", "{568AA57C-AAF9-40FC-804A-3659D4F8D4E9}"
EndProject
Global
	GlobalSection(SolutionConfigurationPlatforms) = preSolution
		Debug|Any CPU = Debug|Any CPU
		Release|Any CPU = Release|Any CPU
	EndGlobalSection
	GlobalSection(ProjectConfigurationPlatforms) = postSolution
		{568AA57C-AAF9-40FC-804A-3659D4F8D4E9}.Debug|Any CPU.ActiveCfg = Debug|Any CPU
		{568AA57C-AAF9-40FC-804A-3659D4F8D4E9}.Debug|Any CPU.Build.0 = Debug|Any CPU
		{568AA57C-AAF9-40FC-804A-3659D4F8D4E9}.Release|Any CPU.ActiveCfg = Release|Any CPU
		{568AA57C-AAF9-40FC-804A-3659D4F8D4E9}.Release|Any CPU.Build.0 = Release|Any CPU
	EndGlobalSection
	GlobalSection(SolutionProperties) = preSolution
		HideSolutionNode = FALSE
	EndGlobalSection
	GlobalSection(ExtensibilityGlobals) = postSolution
		SolutionGuid = {EE524541-2F18-4D3F-9703-E7CFAC0F76DC}
	EndGlobalSection
EndGlobal
